
Microsoft Visual Studio Solution File, Format Version 12.00
# Visual Studio Version 17
VisualStudioVersion = 17.11.35219.272
MinimumVisualStudioVersion = 10.0.40219.1
Project("{FAE04EC0-301F-11D3-BF4B-00C04F79EFBC}") = "ChartPrograming", "ChartPrograming\ChartPrograming.csproj", "{B24B278C-D61D-4DC8-B3A0-9315588CA555}"
EndProject
Global
	GlobalSection(SolutionConfigurationPlatforms) = preSolution
		Debug|Any CPU = Debug|Any CPU
		Release|Any CPU = Release|Any CPU
	EndGlobalSection
	GlobalSection(ProjectConfigurationPlatforms) = postSolution
		{B24B278C-D61D-4DC8-B3A0-9315588CA555}.Debug|Any CPU.ActiveCfg = Debug|Any CPU
		{B24B278C-D61D-4DC8-B3A0-9315588CA555}.Debug|Any CPU.Build.0 = Debug|Any CPU
		{B24B278C-D61D-4DC8-B3A0-9315588CA555}.Release|Any CPU.ActiveCfg = Release|Any CPU
		{B24B278C-D61D-4DC8-B3A0-9315588CA555}.Release|Any CPU.Build.0 = Release|Any CPU
	EndGlobalSection
	GlobalSection(SolutionProperties) = preSolution
		HideSolutionNode = FALSE
	EndGlobalSection
	GlobalSection(ExtensibilityGlobals) = postSolution
		SolutionGuid = {CE73609F-8F56-444A-BA9A-2CA73894B194}
	EndGlobalSection
EndGlobal
